// !$*UTF8*$!
{
	archiveVersion = 1;
	classes = {
	};
	objectVersion = 50;
	objects = {

/* Begin PBXBuildFile section */
		074F37992287193B00B19E29 /* AppDelegate.swift in Sources */ = {isa = PBXBuildFile; fileRef = 074F37982287193B00B19E29 /* AppDelegate.swift */; };
		074F379E2287193B00B19E29 /* Main.storyboard in Resources */ = {isa = PBXBuildFile; fileRef = 074F379C2287193B00B19E29 /* Main.storyboard */; };
		074F37A02287193C00B19E29 /* Assets.xcassets in Resources */ = {isa = PBXBuildFile; fileRef = 074F379F2287193C00B19E29 /* Assets.xcassets */; };
		074F37A32287193C00B19E29 /* LaunchScreen.storyboard in Resources */ = {isa = PBXBuildFile; fileRef = 074F37A12287193C00B19E29 /* LaunchScreen.storyboard */; };
		075382222288ACD900447770 /* CircleImage.swift in Sources */ = {isa = PBXBuildFile; fileRef = 075382212288ACD900447770 /* CircleImage.swift */; };
		075382252288C13800447770 /* ProfileVC.swift in Sources */ = {isa = PBXBuildFile; fileRef = 075382232288C13800447770 /* ProfileVC.swift */; };
		075382262288C13800447770 /* ProfileVC.xib in Resources */ = {isa = PBXBuildFile; fileRef = 075382242288C13800447770 /* ProfileVC.xib */; };
		075382292288DD0E00447770 /* MessageService.swift in Sources */ = {isa = PBXBuildFile; fileRef = 075382282288DD0E00447770 /* MessageService.swift */; };
		0753822B2288DD7800447770 /* Channel.swift in Sources */ = {isa = PBXBuildFile; fileRef = 0753822A2288DD7800447770 /* Channel.swift */; };
		0755584022872516006FD43E /* SWRevealViewController.m in Sources */ = {isa = PBXBuildFile; fileRef = 0755583E22872516006FD43E /* SWRevealViewController.m */; };
		07555842228742F8006FD43E /* ChatVC.swift in Sources */ = {isa = PBXBuildFile; fileRef = 07555841228742F8006FD43E /* ChatVC.swift */; };
		075558442287430F006FD43E /* ChannelVC.swift in Sources */ = {isa = PBXBuildFile; fileRef = 075558432287430F006FD43E /* ChannelVC.swift */; };
		0755584622874D77006FD43E /* GradientView.swift in Sources */ = {isa = PBXBuildFile; fileRef = 0755584522874D77006FD43E /* GradientView.swift */; };
		0755584922875953006FD43E /* Constants.swift in Sources */ = {isa = PBXBuildFile; fileRef = 0755584822875953006FD43E /* Constants.swift */; };
		0755584B2287620C006FD43E /* LoginVC.swift in Sources */ = {isa = PBXBuildFile; fileRef = 0755584A2287620C006FD43E /* LoginVC.swift */; };
		0755584D22876398006FD43E /* CreateAccountVC.swift in Sources */ = {isa = PBXBuildFile; fileRef = 0755584C22876398006FD43E /* CreateAccountVC.swift */; };
		07555850228784D2006FD43E /* AuthServices.swift in Sources */ = {isa = PBXBuildFile; fileRef = 0755584F228784D2006FD43E /* AuthServices.swift */; };
		0755585222878EF5006FD43E /* RoundedButton.swift in Sources */ = {isa = PBXBuildFile; fileRef = 0755585122878EF5006FD43E /* RoundedButton.swift */; };
		0755585422879BD9006FD43E /* UserDataService.swift in Sources */ = {isa = PBXBuildFile; fileRef = 0755585322879BD9006FD43E /* UserDataService.swift */; };
		075558562287A77F006FD43E /* AvatarPickerVC.swift in Sources */ = {isa = PBXBuildFile; fileRef = 075558552287A77F006FD43E /* AvatarPickerVC.swift */; };
		075558582287A9DA006FD43E /* AvatarCell.swift in Sources */ = {isa = PBXBuildFile; fileRef = 075558572287A9DA006FD43E /* AvatarCell.swift */; };
		079BA271228A22E80065C556 /* ChannelCell.swift in Sources */ = {isa = PBXBuildFile; fileRef = 079BA270228A22E80065C556 /* ChannelCell.swift */; };
		079BA274228A28D60065C556 /* AddChannelVC.swift in Sources */ = {isa = PBXBuildFile; fileRef = 079BA272228A28D60065C556 /* AddChannelVC.swift */; };
		079BA275228A28D60065C556 /* AddChannelVC.xib in Resources */ = {isa = PBXBuildFile; fileRef = 079BA273228A28D60065C556 /* AddChannelVC.xib */; };
		F90711A6340195F7BA44EBFD /* Pods_Smack_Chat.framework in Frameworks */ = {isa = PBXBuildFile; fileRef = B4C77C96564295610E6D5CE3 /* Pods_Smack_Chat.framework */; };
/* End PBXBuildFile section */

/* Begin PBXFileReference section */
		074F37952287193B00B19E29 /* Smack Chat.app */ = {isa = PBXFileReference; explicitFileType = wrapper.application; includeInIndex = 0; path = "Smack Chat.app"; sourceTree = BUILT_PRODUCTS_DIR; };
		074F37982287193B00B19E29 /* AppDelegate.swift */ = {isa = PBXFileReference; lastKnownFileType = sourcecode.swift; path = AppDelegate.swift; sourceTree = "<group>"; };
		074F379D2287193B00B19E29 /* Base */ = {isa = PBXFileReference; lastKnownFileType = file.storyboard; name = Base; path = Base.lproj/Main.storyboard; sourceTree = "<group>"; };
		074F379F2287193C00B19E29 /* Assets.xcassets */ = {isa = PBXFileReference; lastKnownFileType = folder.assetcatalog; path = Assets.xcassets; sourceTree = "<group>"; };
		074F37A22287193C00B19E29 /* Base */ = {isa = PBXFileReference; lastKnownFileType = file.storyboard; name = Base; path = Base.lproj/LaunchScreen.storyboard; sourceTree = "<group>"; };
		074F37A42287193C00B19E29 /* Info.plist */ = {isa = PBXFileReference; lastKnownFileType = text.plist.xml; path = Info.plist; sourceTree = "<group>"; };
		075382212288ACD900447770 /* CircleImage.swift */ = {isa = PBXFileReference; lastKnownFileType = sourcecode.swift; path = CircleImage.swift; sourceTree = "<group>"; };
		075382232288C13800447770 /* ProfileVC.swift */ = {isa = PBXFileReference; lastKnownFileType = sourcecode.swift; path = ProfileVC.swift; sourceTree = "<group>"; };
		075382242288C13800447770 /* ProfileVC.xib */ = {isa = PBXFileReference; lastKnownFileType = file.xib; path = ProfileVC.xib; sourceTree = "<group>"; };
		075382282288DD0E00447770 /* MessageService.swift */ = {isa = PBXFileReference; lastKnownFileType = sourcecode.swift; path = MessageService.swift; sourceTree = "<group>"; };
		0753822A2288DD7800447770 /* Channel.swift */ = {isa = PBXFileReference; lastKnownFileType = sourcecode.swift; path = Channel.swift; sourceTree = "<group>"; };
		0755583D22872515006FD43E /* Smack Chat-Bridging-Header.h */ = {isa = PBXFileReference; lastKnownFileType = sourcecode.c.h; path = "Smack Chat-Bridging-Header.h"; sourceTree = "<group>"; };
		0755583E22872516006FD43E /* SWRevealViewController.m */ = {isa = PBXFileReference; fileEncoding = 4; lastKnownFileType = sourcecode.c.objc; path = SWRevealViewController.m; sourceTree = "<group>"; };
		0755583F22872516006FD43E /* SWRevealViewController.h */ = {isa = PBXFileReference; fileEncoding = 4; lastKnownFileType = sourcecode.c.h; path = SWRevealViewController.h; sourceTree = "<group>"; };
		07555841228742F8006FD43E /* ChatVC.swift */ = {isa = PBXFileReference; lastKnownFileType = sourcecode.swift; path = ChatVC.swift; sourceTree = "<group>"; };
		075558432287430F006FD43E /* ChannelVC.swift */ = {isa = PBXFileReference; lastKnownFileType = sourcecode.swift; path = ChannelVC.swift; sourceTree = "<group>"; };
		0755584522874D77006FD43E /* GradientView.swift */ = {isa = PBXFileReference; lastKnownFileType = sourcecode.swift; path = GradientView.swift; sourceTree = "<group>"; };
		0755584822875953006FD43E /* Constants.swift */ = {isa = PBXFileReference; lastKnownFileType = sourcecode.swift; path = Constants.swift; sourceTree = "<group>"; };
		0755584A2287620C006FD43E /* LoginVC.swift */ = {isa = PBXFileReference; lastKnownFileType = sourcecode.swift; path = LoginVC.swift; sourceTree = "<group>"; };
		0755584C22876398006FD43E /* CreateAccountVC.swift */ = {isa = PBXFileReference; lastKnownFileType = sourcecode.swift; path = CreateAccountVC.swift; sourceTree = "<group>"; };
		0755584F228784D2006FD43E /* AuthServices.swift */ = {isa = PBXFileReference; lastKnownFileType = sourcecode.swift; path = AuthServices.swift; sourceTree = "<group>"; };
		0755585122878EF5006FD43E /* RoundedButton.swift */ = {isa = PBXFileReference; lastKnownFileType = sourcecode.swift; path = RoundedButton.swift; sourceTree = "<group>"; };
		0755585322879BD9006FD43E /* UserDataService.swift */ = {isa = PBXFileReference; lastKnownFileType = sourcecode.swift; path = UserDataService.swift; sourceTree = "<group>"; };
		075558552287A77F006FD43E /* AvatarPickerVC.swift */ = {isa = PBXFileReference; lastKnownFileType = sourcecode.swift; path = AvatarPickerVC.swift; sourceTree = "<group>"; };
		075558572287A9DA006FD43E /* AvatarCell.swift */ = {isa = PBXFileReference; lastKnownFileType = sourcecode.swift; path = AvatarCell.swift; sourceTree = "<group>"; };
		079BA270228A22E80065C556 /* ChannelCell.swift */ = {isa = PBXFileReference; lastKnownFileType = sourcecode.swift; path = ChannelCell.swift; sourceTree = "<group>"; };
		079BA272228A28D60065C556 /* AddChannelVC.swift */ = {isa = PBXFileReference; lastKnownFileType = sourcecode.swift; path = AddChannelVC.swift; sourceTree = "<group>"; };
		079BA273228A28D60065C556 /* AddChannelVC.xib */ = {isa = PBXFileReference; lastKnownFileType = file.xib; path = AddChannelVC.xib; sourceTree = "<group>"; };
		9677A6398E63A6DF5AE30D0C /* Pods-Smack Chat.release.xcconfig */ = {isa = PBXFileReference; includeInIndex = 1; lastKnownFileType = text.xcconfig; name = "Pods-Smack Chat.release.xcconfig"; path = "Pods/Target Support Files/Pods-Smack Chat/Pods-Smack Chat.release.xcconfig"; sourceTree = "<group>"; };
		B4C77C96564295610E6D5CE3 /* Pods_Smack_Chat.framework */ = {isa = PBXFileReference; explicitFileType = wrapper.framework; includeInIndex = 0; path = Pods_Smack_Chat.framework; sourceTree = BUILT_PRODUCTS_DIR; };
		F324E88CE950CCE3EBB1776A /* Pods-Smack Chat.debug.xcconfig */ = {isa = PBXFileReference; includeInIndex = 1; lastKnownFileType = text.xcconfig; name = "Pods-Smack Chat.debug.xcconfig"; path = "Pods/Target Support Files/Pods-Smack Chat/Pods-Smack Chat.debug.xcconfig"; sourceTree = "<group>"; };
/* End PBXFileReference section */

/* Begin PBXFrameworksBuildPhase section */
		074F37922287193A00B19E29 /* Frameworks */ = {
			isa = PBXFrameworksBuildPhase;
			buildActionMask = 2147483647;
			files = (
				F90711A6340195F7BA44EBFD /* Pods_Smack_Chat.framework in Frameworks */,
			);
			runOnlyForDeploymentPostprocessing = 0;
		};
/* End PBXFrameworksBuildPhase section */

/* Begin PBXGroup section */
		05CCCF054BBF215C865168E3 /* Pods */ = {
			isa = PBXGroup;
			children = (
				F324E88CE950CCE3EBB1776A /* Pods-Smack Chat.debug.xcconfig */,
				9677A6398E63A6DF5AE30D0C /* Pods-Smack Chat.release.xcconfig */,
			);
			name = Pods;
			sourceTree = "<group>";
		};
		074F378C2287193A00B19E29 = {
			isa = PBXGroup;
			children = (
				074F37972287193B00B19E29 /* Smack Chat */,
				074F37962287193B00B19E29 /* Products */,
				05CCCF054BBF215C865168E3 /* Pods */,
				638701E6EFCE4B945AE28B07 /* Frameworks */,
			);
			sourceTree = "<group>";
		};
		074F37962287193B00B19E29 /* Products */ = {
			isa = PBXGroup;
			children = (
				074F37952287193B00B19E29 /* Smack Chat.app */,
			);
			name = Products;
			sourceTree = "<group>";
		};
		074F37972287193B00B19E29 /* Smack Chat */ = {
			isa = PBXGroup;
			children = (
				075382272288C17B00447770 /* XIBs */,
				0755584E228784B8006FD43E /* Services */,
				0755584722875940006FD43E /* Utilities */,
				074F37AC2287199900B19E29 /* Model */,
				074F37AB2287198A00B19E29 /* View */,
				074F37AA2287197B00B19E29 /* Controller */,
				0755583C228724EB006FD43E /* Supporting Files */,
				074F37982287193B00B19E29 /* AppDelegate.swift */,
				074F379C2287193B00B19E29 /* Main.storyboard */,
				074F379F2287193C00B19E29 /* Assets.xcassets */,
				074F37A12287193C00B19E29 /* LaunchScreen.storyboard */,
				074F37A42287193C00B19E29 /* Info.plist */,
			);
			path = "Smack Chat";
			sourceTree = "<group>";
		};
		074F37AA2287197B00B19E29 /* Controller */ = {
			isa = PBXGroup;
			children = (
				07555841228742F8006FD43E /* ChatVC.swift */,
				075558432287430F006FD43E /* ChannelVC.swift */,
				0755584A2287620C006FD43E /* LoginVC.swift */,
				0755584C22876398006FD43E /* CreateAccountVC.swift */,
				075558552287A77F006FD43E /* AvatarPickerVC.swift */,
				075382232288C13800447770 /* ProfileVC.swift */,
				079BA272228A28D60065C556 /* AddChannelVC.swift */,
			);
			path = Controller;
			sourceTree = "<group>";
		};
		074F37AB2287198A00B19E29 /* View */ = {
			isa = PBXGroup;
			children = (
				0755584522874D77006FD43E /* GradientView.swift */,
				0755585122878EF5006FD43E /* RoundedButton.swift */,
				075558572287A9DA006FD43E /* AvatarCell.swift */,
				075382212288ACD900447770 /* CircleImage.swift */,
				079BA270228A22E80065C556 /* ChannelCell.swift */,
			);
			path = View;
			sourceTree = "<group>";
		};
		074F37AC2287199900B19E29 /* Model */ = {
			isa = PBXGroup;
			children = (
				0753822A2288DD7800447770 /* Channel.swift */,
			);
			path = Model;
			sourceTree = "<group>";
		};
		075382272288C17B00447770 /* XIBs */ = {
			isa = PBXGroup;
			children = (
				075382242288C13800447770 /* ProfileVC.xib */,
				079BA273228A28D60065C556 /* AddChannelVC.xib */,
			);
			path = XIBs;
			sourceTree = "<group>";
		};
		0755583C228724EB006FD43E /* Supporting Files */ = {
			isa = PBXGroup;
			children = (
				0755583F22872516006FD43E /* SWRevealViewController.h */,
				0755583E22872516006FD43E /* SWRevealViewController.m */,
				0755583D22872515006FD43E /* Smack Chat-Bridging-Header.h */,
			);
			path = "Supporting Files";
			sourceTree = "<group>";
		};
		0755584722875940006FD43E /* Utilities */ = {
			isa = PBXGroup;
			children = (
				0755584822875953006FD43E /* Constants.swift */,
			);
			path = Utilities;
			sourceTree = "<group>";
		};
		0755584E228784B8006FD43E /* Services */ = {
			isa = PBXGroup;
			children = (
				0755584F228784D2006FD43E /* AuthServices.swift */,
				0755585322879BD9006FD43E /* UserDataService.swift */,
				075382282288DD0E00447770 /* MessageService.swift */,
			);
			path = Services;
			sourceTree = "<group>";
		};
		638701E6EFCE4B945AE28B07 /* Frameworks */ = {
			isa = PBXGroup;
			children = (
				B4C77C96564295610E6D5CE3 /* Pods_Smack_Chat.framework */,
			);
			name = Frameworks;
			sourceTree = "<group>";
		};
/* End PBXGroup section */

/* Begin PBXNativeTarget section */
		074F37942287193A00B19E29 /* Smack Chat */ = {
			isa = PBXNativeTarget;
			buildConfigurationList = 074F37A72287193C00B19E29 /* Build configuration list for PBXNativeTarget "Smack Chat" */;
			buildPhases = (
				94D6204EF76EEC7A7E66CAB2 /* [CP] Check Pods Manifest.lock */,
				074F37912287193A00B19E29 /* Sources */,
				074F37922287193A00B19E29 /* Frameworks */,
				074F37932287193A00B19E29 /* Resources */,
				B8090FB51227C2530413D078 /* [CP] Embed Pods Frameworks */,
			);
			buildRules = (
			);
			dependencies = (
			);
			name = "Smack Chat";
			productName = "Smack Chat";
			productReference = 074F37952287193B00B19E29 /* Smack Chat.app */;
			productType = "com.apple.product-type.application";
		};
/* End PBXNativeTarget section */

/* Begin PBXProject section */
		074F378D2287193A00B19E29 /* Project object */ = {
			isa = PBXProject;
			attributes = {
				LastSwiftUpdateCheck = 1020;
				LastUpgradeCheck = 1020;
				ORGANIZATIONNAME = Baranseli;
				TargetAttributes = {
					074F37942287193A00B19E29 = {
						CreatedOnToolsVersion = 10.2.1;
						LastSwiftMigration = 1020;
					};
				};
			};
			buildConfigurationList = 074F37902287193A00B19E29 /* Build configuration list for PBXProject "Smack Chat" */;
			compatibilityVersion = "Xcode 9.3";
			developmentRegion = en;
			hasScannedForEncodings = 0;
			knownRegions = (
				en,
				Base,
			);
			mainGroup = 074F378C2287193A00B19E29;
			productRefGroup = 074F37962287193B00B19E29 /* Products */;
			projectDirPath = "";
			projectRoot = "";
			targets = (
				074F37942287193A00B19E29 /* Smack Chat */,
			);
		};
/* End PBXProject section */

/* Begin PBXResourcesBuildPhase section */
		074F37932287193A00B19E29 /* Resources */ = {
			isa = PBXResourcesBuildPhase;
			buildActionMask = 2147483647;
			files = (
				079BA275228A28D60065C556 /* AddChannelVC.xib in Resources */,
				075382262288C13800447770 /* ProfileVC.xib in Resources */,
				074F37A32287193C00B19E29 /* LaunchScreen.storyboard in Resources */,
				074F37A02287193C00B19E29 /* Assets.xcassets in Resources */,
				074F379E2287193B00B19E29 /* Main.storyboard in Resources */,
			);
			runOnlyForDeploymentPostprocessing = 0;
		};
/* End PBXResourcesBuildPhase section */

/* Begin PBXShellScriptBuildPhase section */
		94D6204EF76EEC7A7E66CAB2 /* [CP] Check Pods Manifest.lock */ = {
			isa = PBXShellScriptBuildPhase;
			buildActionMask = 2147483647;
			files = (
			);
			inputPaths = (
				"${PODS_PODFILE_DIR_PATH}/Podfile.lock",
				"${PODS_ROOT}/Manifest.lock",
			);
			name = "[CP] Check Pods Manifest.lock";
			outputPaths = (
				"$(DERIVED_FILE_DIR)/Pods-Smack Chat-checkManifestLockResult.txt",
			);
			runOnlyForDeploymentPostprocessing = 0;
			shellPath = /bin/sh;
			shellScript = "diff \"${PODS_PODFILE_DIR_PATH}/Podfile.lock\" \"${PODS_ROOT}/Manifest.lock\" > /dev/null\nif [ $? != 0 ] ; then\n    # print error to STDERR\n    echo \"error: The sandbox is not in sync with the Podfile.lock. Run 'pod install' or update your CocoaPods installation.\" >&2\n    exit 1\nfi\n# This output is used by Xcode 'outputs' to avoid re-running this script phase.\necho \"SUCCESS\" > \"${SCRIPT_OUTPUT_FILE_0}\"\n";
			showEnvVarsInLog = 0;
		};
		B8090FB51227C2530413D078 /* [CP] Embed Pods Frameworks */ = {
			isa = PBXShellScriptBuildPhase;
			buildActionMask = 2147483647;
			files = (
			);
			inputPaths = (
				"${SRCROOT}/Pods/Target Support Files/Pods-Smack Chat/Pods-Smack Chat-frameworks.sh",
				"${BUILT_PRODUCTS_DIR}/Alamofire/Alamofire.framework",
				"${BUILT_PRODUCTS_DIR}/Socket.IO-Client-Swift/SocketIO.framework",
				"${BUILT_PRODUCTS_DIR}/Starscream/Starscream.framework",
				"${BUILT_PRODUCTS_DIR}/SwiftyJSON/SwiftyJSON.framework",
			);
			name = "[CP] Embed Pods Frameworks";
			outputPaths = (
				"${TARGET_BUILD_DIR}/${FRAMEWORKS_FOLDER_PATH}/Alamofire.framework",
				"${TARGET_BUILD_DIR}/${FRAMEWORKS_FOLDER_PATH}/SocketIO.framework",
				"${TARGET_BUILD_DIR}/${FRAMEWORKS_FOLDER_PATH}/Starscream.framework",
				"${TARGET_BUILD_DIR}/${FRAMEWORKS_FOLDER_PATH}/SwiftyJSON.framework",
			);
			runOnlyForDeploymentPostprocessing = 0;
			shellPath = /bin/sh;
			shellScript = "\"${SRCROOT}/Pods/Target Support Files/Pods-Smack Chat/Pods-Smack Chat-frameworks.sh\"\n";
			showEnvVarsInLog = 0;
		};
/* End PBXShellScriptBuildPhase section */

/* Begin PBXSourcesBuildPhase section */
		074F37912287193A00B19E29 /* Sources */ = {
			isa = PBXSourcesBuildPhase;
			buildActionMask = 2147483647;
			files = (
				075382252288C13800447770 /* ProfileVC.swift in Sources */,
				079BA271228A22E80065C556 /* ChannelCell.swift in Sources */,
				075558442287430F006FD43E /* ChannelVC.swift in Sources */,
				075558562287A77F006FD43E /* AvatarPickerVC.swift in Sources */,
				0755585222878EF5006FD43E /* RoundedButton.swift in Sources */,
				0753822B2288DD7800447770 /* Channel.swift in Sources */,
				075382222288ACD900447770 /* CircleImage.swift in Sources */,
				075382292288DD0E00447770 /* MessageService.swift in Sources */,
				07555842228742F8006FD43E /* ChatVC.swift in Sources */,
				0755585422879BD9006FD43E /* UserDataService.swift in Sources */,
				0755584D22876398006FD43E /* CreateAccountVC.swift in Sources */,
				0755584B2287620C006FD43E /* LoginVC.swift in Sources */,
				0755584622874D77006FD43E /* GradientView.swift in Sources */,
				079BA274228A28D60065C556 /* AddChannelVC.swift in Sources */,
				074F37992287193B00B19E29 /* AppDelegate.swift in Sources */,
				075558582287A9DA006FD43E /* AvatarCell.swift in Sources */,
				07555850228784D2006FD43E /* AuthServices.swift in Sources */,
				0755584022872516006FD43E /* SWRevealViewController.m in Sources */,
				0755584922875953006FD43E /* Constants.swift in Sources */,
			);
			runOnlyForDeploymentPostprocessing = 0;
		};
/* End PBXSourcesBuildPhase section */

/* Begin PBXVariantGroup section */
		074F379C2287193B00B19E29 /* Main.storyboard */ = {
			isa = PBXVariantGroup;
			children = (
				074F379D2287193B00B19E29 /* Base */,
			);
			name = Main.storyboard;
			sourceTree = "<group>";
		};
		074F37A12287193C00B19E29 /* LaunchScreen.storyboard */ = {
			isa = PBXVariantGroup;
			children = (
				074F37A22287193C00B19E29 /* Base */,
			);
			name = LaunchScreen.storyboard;
			sourceTree = "<group>";
		};
/* End PBXVariantGroup section */

/* Begin XCBuildConfiguration section */
		074F37A52287193C00B19E29 /* Debug */ = {
			isa = XCBuildConfiguration;
			buildSettings = {
				ALWAYS_SEARCH_USER_PATHS = NO;
				CLANG_ANALYZER_NONNULL = YES;
				CLANG_ANALYZER_NUMBER_OBJECT_CONVERSION = YES_AGGRESSIVE;
				CLANG_CXX_LANGUAGE_STANDARD = "gnu++14";
				CLANG_CXX_LIBRARY = "libc++";
				CLANG_ENABLE_MODULES = YES;
				CLANG_ENABLE_OBJC_ARC = YES;
				CLANG_ENABLE_OBJC_WEAK = YES;
				CLANG_WARN_BLOCK_CAPTURE_AUTORELEASING = YES;
				CLANG_WARN_BOOL_CONVERSION = YES;
				CLANG_WARN_COMMA = YES;
				CLANG_WARN_CONSTANT_CONVERSION = YES;
				CLANG_WARN_DEPRECATED_OBJC_IMPLEMENTATIONS = YES;
				CLANG_WARN_DIRECT_OBJC_ISA_USAGE = YES_ERROR;
				CLANG_WARN_DOCUMENTATION_COMMENTS = YES;
				CLANG_WARN_EMPTY_BODY = YES;
				CLANG_WARN_ENUM_CONVERSION = YES;
				CLANG_WARN_INFINITE_RECURSION = YES;
				CLANG_WARN_INT_CONVERSION = YES;
				CLANG_WARN_NON_LITERAL_NULL_CONVERSION = YES;
				CLANG_WARN_OBJC_IMPLICIT_RETAIN_SELF = YES;
				CLANG_WARN_OBJC_LITERAL_CONVERSION = YES;
				CLANG_WARN_OBJC_ROOT_CLASS = YES_ERROR;
				CLANG_WARN_RANGE_LOOP_ANALYSIS = YES;
				CLANG_WARN_STRICT_PROTOTYPES = YES;
				CLANG_WARN_SUSPICIOUS_MOVE = YES;
				CLANG_WARN_UNGUARDED_AVAILABILITY = YES_AGGRESSIVE;
				CLANG_WARN_UNREACHABLE_CODE = YES;
				CLANG_WARN__DUPLICATE_METHOD_MATCH = YES;
				CODE_SIGN_IDENTITY = "iPhone Developer";
				COPY_PHASE_STRIP = NO;
				DEBUG_INFORMATION_FORMAT = dwarf;
				ENABLE_STRICT_OBJC_MSGSEND = YES;
				ENABLE_TESTABILITY = YES;
				GCC_C_LANGUAGE_STANDARD = gnu11;
				GCC_DYNAMIC_NO_PIC = NO;
				GCC_NO_COMMON_BLOCKS = YES;
				GCC_OPTIMIZATION_LEVEL = 0;
				GCC_PREPROCESSOR_DEFINITIONS = (
					"DEBUG=1",
					"$(inherited)",
				);
				GCC_WARN_64_TO_32_BIT_CONVERSION = YES;
				GCC_WARN_ABOUT_RETURN_TYPE = YES_ERROR;
				GCC_WARN_UNDECLARED_SELECTOR = YES;
				GCC_WARN_UNINITIALIZED_AUTOS = YES_AGGRESSIVE;
				GCC_WARN_UNUSED_FUNCTION = YES;
				GCC_WARN_UNUSED_VARIABLE = YES;
				IPHONEOS_DEPLOYMENT_TARGET = 12.2;
				MTL_ENABLE_DEBUG_INFO = INCLUDE_SOURCE;
				MTL_FAST_MATH = YES;
				ONLY_ACTIVE_ARCH = YES;
				SDKROOT = iphoneos;
				SWIFT_ACTIVE_COMPILATION_CONDITIONS = DEBUG;
				SWIFT_OPTIMIZATION_LEVEL = "-Onone";
			};
			name = Debug;
		};
		074F37A62287193C00B19E29 /* Release */ = {
			isa = XCBuildConfiguration;
			buildSettings = {
				ALWAYS_SEARCH_USER_PATHS = NO;
				CLANG_ANALYZER_NONNULL = YES;
				CLANG_ANALYZER_NUMBER_OBJECT_CONVERSION = YES_AGGRESSIVE;
				CLANG_CXX_LANGUAGE_STANDARD = "gnu++14";
				CLANG_CXX_LIBRARY = "libc++";
				CLANG_ENABLE_MODULES = YES;
				CLANG_ENABLE_OBJC_ARC = YES;
				CLANG_ENABLE_OBJC_WEAK = YES;
				CLANG_WARN_BLOCK_CAPTURE_AUTORELEASING = YES;
				CLANG_WARN_BOOL_CONVERSION = YES;
				CLANG_WARN_COMMA = YES;
				CLANG_WARN_CONSTANT_CONVERSION = YES;
				CLANG_WARN_DEPRECATED_OBJC_IMPLEMENTATIONS = YES;
				CLANG_WARN_DIRECT_OBJC_ISA_USAGE = YES_ERROR;
				CLANG_WARN_DOCUMENTATION_COMMENTS = YES;
				CLANG_WARN_EMPTY_BODY = YES;
				CLANG_WARN_ENUM_CONVERSION = YES;
				CLANG_WARN_INFINITE_RECURSION = YES;
				CLANG_WARN_INT_CONVERSION = YES;
				CLANG_WARN_NON_LITERAL_NULL_CONVERSION = YES;
				CLANG_WARN_OBJC_IMPLICIT_RETAIN_SELF = YES;
				CLANG_WARN_OBJC_LITERAL_CONVERSION = YES;
				CLANG_WARN_OBJC_ROOT_CLASS = YES_ERROR;
				CLANG_WARN_RANGE_LOOP_ANALYSIS = YES;
				CLANG_WARN_STRICT_PROTOTYPES = YES;
				CLANG_WARN_SUSPICIOUS_MOVE = YES;
				CLANG_WARN_UNGUARDED_AVAILABILITY = YES_AGGRESSIVE;
				CLANG_WARN_UNREACHABLE_CODE = YES;
				CLANG_WARN__DUPLICATE_METHOD_MATCH = YES;
				CODE_SIGN_IDENTITY = "iPhone Developer";
				COPY_PHASE_STRIP = NO;
				DEBUG_INFORMATION_FORMAT = "dwarf-with-dsym";
				ENABLE_NS_ASSERTIONS = NO;
				ENABLE_STRICT_OBJC_MSGSEND = YES;
				GCC_C_LANGUAGE_STANDARD = gnu11;
				GCC_NO_COMMON_BLOCKS = YES;
				GCC_WARN_64_TO_32_BIT_CONVERSION = YES;
				GCC_WARN_ABOUT_RETURN_TYPE = YES_ERROR;
				GCC_WARN_UNDECLARED_SELECTOR = YES;
				GCC_WARN_UNINITIALIZED_AUTOS = YES_AGGRESSIVE;
				GCC_WARN_UNUSED_FUNCTION = YES;
				GCC_WARN_UNUSED_VARIABLE = YES;
				IPHONEOS_DEPLOYMENT_TARGET = 12.2;
				MTL_ENABLE_DEBUG_INFO = NO;
				MTL_FAST_MATH = YES;
				SDKROOT = iphoneos;
				SWIFT_COMPILATION_MODE = wholemodule;
				SWIFT_OPTIMIZATION_LEVEL = "-O";
				VALIDATE_PRODUCT = YES;
			};
			name = Release;
		};
		074F37A82287193C00B19E29 /* Debug */ = {
			isa = XCBuildConfiguration;
			baseConfigurationReference = F324E88CE950CCE3EBB1776A /* Pods-Smack Chat.debug.xcconfig */;
			buildSettings = {
				ASSETCATALOG_COMPILER_APPICON_NAME = AppIcon;
				CLANG_ENABLE_MODULES = YES;
				CODE_SIGN_STYLE = Automatic;
				DEVELOPMENT_TEAM = 76Z7U6F8FV;
				INFOPLIST_FILE = "Smack Chat/Info.plist";
				LD_RUNPATH_SEARCH_PATHS = (
					"$(inherited)",
					"@executable_path/Frameworks",
				);
				PRODUCT_BUNDLE_IDENTIFIER = "www.baranseli.co.uk.Smack-Chat";
				PRODUCT_NAME = "$(TARGET_NAME)";
				SWIFT_OBJC_BRIDGING_HEADER = "Supporting Files/Smack Chat-Bridging-Header.h";
				SWIFT_OPTIMIZATION_LEVEL = "-Onone";
				SWIFT_VERSION = 5.0;
				TARGETED_DEVICE_FAMILY = "1,2";
			};
			name = Debug;
		};
		074F37A92287193C00B19E29 /* Release */ = {
			isa = XCBuildConfiguration;
			baseConfigurationReference = 9677A6398E63A6DF5AE30D0C /* Pods-Smack Chat.release.xcconfig */;
			buildSettings = {
				ASSETCATALOG_COMPILER_APPICON_NAME = AppIcon;
				CLANG_ENABLE_MODULES = YES;
				CODE_SIGN_STYLE = Automatic;
				DEVELOPMENT_TEAM = 76Z7U6F8FV;
				INFOPLIST_FILE = "Smack Chat/Info.plist";
				LD_RUNPATH_SEARCH_PATHS = (
					"$(inherited)",
					"@executable_path/Frameworks",
				);
				PRODUCT_BUNDLE_IDENTIFIER = "www.baranseli.co.uk.Smack-Chat";
				PRODUCT_NAME = "$(TARGET_NAME)";
				SWIFT_OBJC_BRIDGING_HEADER = "Supporting Files/Smack Chat-Bridging-Header.h";
				SWIFT_VERSION = 5.0;
				TARGETED_DEVICE_FAMILY = "1,2";
			};
			name = Release;
		};
/* End XCBuildConfiguration section */

/* Begin XCConfigurationList section */
		074F37902287193A00B19E29 /* Build configuration list for PBXProject "Smack Chat" */ = {
			isa = XCConfigurationList;
			buildConfigurations = (
				074F37A52287193C00B19E29 /* Debug */,
				074F37A62287193C00B19E29 /* Release */,
			);
			defaultConfigurationIsVisible = 0;
			defaultConfigurationName = Release;
		};
		074F37A72287193C00B19E29 /* Build configuration list for PBXNativeTarget "Smack Chat" */ = {
			isa = XCConfigurationList;
			buildConfigurations = (
				074F37A82287193C00B19E29 /* Debug */,
				074F37A92287193C00B19E29 /* Release */,
			);
			defaultConfigurationIsVisible = 0;
			defaultConfigurationName = Release;
		};
/* End XCConfigurationList section */
	};
	rootObject = 074F378D2287193A00B19E29 /* Project object */;
}
